
Microsoft Visual Studio Solution File, Format Version 12.00
Project("{2150E333-8FDC-42A3-9474-1A3956D46DE8}") = "01-Contacts", "01-Contacts", "{680364A3-2B08-4381-88FE-176EB6F07ADF}"
EndProject
Project("{2150E333-8FDC-42A3-9474-1A3956D46DE8}") = "02-Data", "02-Data", "{4E0741B3-7BBD-4923-B414-FE707E5081D8}"
EndProject
Project("{2150E333-8FDC-42A3-9474-1A3956D46DE8}") = "03-Protocol", "03-Protocol", "{D0F204BA-0938-4811-99B7-BF939887B346}"
EndProject
Project("{2150E333-8FDC-42A3-9474-1A3956D46DE8}") = "04-Services", "04-Services", "{2DE13281-1F88-4B97-A386-AA462585CC87}"
EndProject
Project("{2150E333-8FDC-42A3-9474-1A3956D46DE8}") = "06-Chats", "06-Chats", "{0C1B59FC-9646-4BAD-9A6B-B90269F0CDFC}"
EndProject
Project("{FAE04EC0-301F-11D3-BF4B-00C04F79EFBC}") = "Harem.Contracts.Domain", "Contracts\Harem.Contracts.Domain\Harem.Contracts.Domain.csproj", "{4BE29444-841A-4F34-A112-3010257733E7}"
EndProject
Project("{FAE04EC0-301F-11D3-BF4B-00C04F79EFBC}") = "Harem.Contracts.Dtos", "Contracts\Harem.Contracts.Dtos\Harem.Contracts.Dtos.csproj", "{4135FC00-5172-42CC-AEB3-2A373F36F85C}"
EndProject
Project("{FAE04EC0-301F-11D3-BF4B-00C04F79EFBC}") = "Harem.Chats.Mattermost", "Chats\Harem.Chats.Mattermost\Harem.Chats.Mattermost.csproj", "{E4BE81D6-67A0-4D3E-B15C-53804634C302}"
EndProject
Project("{2150E333-8FDC-42A3-9474-1A3956D46DE8}") = "06-Works", "06-Works", "{8547EDDD-73E9-4F69-A827-6533BB52E6F2}"
EndProject
Project("{2150E333-8FDC-42A3-9474-1A3956D46DE8}") = "08-Gateways", "08-Gateways", "{59E03717-4A58-4E06-A8B9-0EB45CEAE6C6}"
EndProject
Project("{FAE04EC0-301F-11D3-BF4B-00C04F79EFBC}") = "Harem.Protocol.ComfyUI", "Protocol\Harem.Protocol.ComfyUI\Harem.Protocol.ComfyUI.csproj", "{DB475F36-6E98-45B5-A547-0CD1AEF24BA1}"
EndProject
Project("{FAE04EC0-301F-11D3-BF4B-00C04F79EFBC}") = "Harem.Chats.Abstractions", "Chats\Harem.Chats.Abstractions\Harem.Chats.Abstractions.csproj", "{23B02E93-3CC8-4B4B-973E-08120579E7AD}"
EndProject
Project("{FAE04EC0-301F-11D3-BF4B-00C04F79EFBC}") = "Harem.Services.Abstractions", "Services\Harem.Services.Abstractions\Harem.Services.Abstractions.csproj", "{3D2E0BAD-5BD4-4101-9786-964DF19D5CBF}"
EndProject
Project("{FAE04EC0-301F-11D3-BF4B-00C04F79EFBC}") = "Harem.Data.Abstractions", "Data\Harem.Data.Abstractions\Harem.Data.Abstractions.csproj", "{E3556FB5-00F2-4FA8-A0C9-5CAAA7C49DCB}"
EndProject
Project("{FAE04EC0-301F-11D3-BF4B-00C04F79EFBC}") = "Harem.Data.Vector", "Data\Harem.Data.Vector\Harem.Data.Vector.csproj", "{C1AF23F3-F830-406E-BBD5-7A5AAB5AD843}"
EndProject
Project("{FAE04EC0-301F-11D3-BF4B-00C04F79EFBC}") = "Harem.Protocol.Ollama", "Protocol\Harem.Protocol.Ollama\Harem.Protocol.Ollama.csproj", "{32A535AA-4417-40BB-8D02-59F4287BBF53}"
EndProject
Project("{FAE04EC0-301F-11D3-BF4B-00C04F79EFBC}") = "Harem.Protocol.Agents.Abstractions", "Protocol\Harem.Protocol.Agents.Abstractions\Harem.Protocol.Agents.Abstractions.csproj", "{A3F27476-ACCA-4D14-AC26-F2FDBC744DCA}"
EndProject
Project("{2150E333-8FDC-42A3-9474-1A3956D46DE8}") = "11-Tests", "11-Tests", "{9B093EA2-C4B0-4F07-8D17-958EAD00645C}"
EndProject
Project("{FAE04EC0-301F-11D3-BF4B-00C04F79EFBC}") = "Harem.Services.Agents", "Services\Harem.Services.Agents\Harem.Services.Agents.csproj", "{623E7297-6762-4868-9CD7-E5021607A1F6}"
EndProject
Project("{FAE04EC0-301F-11D3-BF4B-00C04F79EFBC}") = "Harem.Contracts.Configurations", "Contracts\Harem.Contracts.Configurations\Harem.Contracts.Configurations.csproj", "{90D2634E-5332-4706-95FC-F8787F71BF79}"
EndProject
Project("{FAE04EC0-301F-11D3-BF4B-00C04F79EFBC}") = "Harem.Services.Channels", "Services\Harem.Services.Channels\Harem.Services.Channels.csproj", "{8CBB2B8F-CFFE-4546-A9EA-E6C9261C2ED8}"
EndProject
Project("{FAE04EC0-301F-11D3-BF4B-00C04F79EFBC}") = "Harem.Services.Jobs", "Services\Harem.Services.Jobs\Harem.Services.Jobs.csproj", "{E43F03E2-26C1-46F6-9088-931DD26439BC}"
EndProject
Project("{FAE04EC0-301F-11D3-BF4B-00C04F79EFBC}") = "Harem.Gateways", "Gateways\Harem.Gateways\Harem.Gateways.csproj", "{E1366DBA-E462-425D-A0D4-7552E7557390}"
EndProject
Project("{FAE04EC0-301F-11D3-BF4B-00C04F79EFBC}") = "Harem.Services.Handlers", "Services\Harem.Services.Handlers\Harem.Services.Handlers.csproj", "{C1ADE191-C925-4793-94CC-5B04BE561A69}"
EndProject
Project("{FAE04EC0-301F-11D3-BF4B-00C04F79EFBC}") = "Harem.Works", "Works\Harem.Works\Harem.Works.csproj", "{4B73F697-00FA-46A4-98D5-6F2DFB9BF73C}"
EndProject
Project("{FAE04EC0-301F-11D3-BF4B-00C04F79EFBC}") = "Harem.Services.Tools", "Services\Harem.Services.Tools\Harem.Services.Tools.csproj", "{9D2A0C2F-5769-4353-816E-A8D9E291981D}"
EndProject
Project("{FAE04EC0-301F-11D3-BF4B-00C04F79EFBC}") = "Harem.Chats.SignalR", "Chats\Harem.Chats.SignalR\Harem.Chats.SignalR.csproj", "{3323BD78-122D-49D4-B4C5-EFD75B2711B7}"
EndProject
Project("{2150E333-8FDC-42A3-9474-1A3956D46DE8}") = "09-Cli", "09-Cli", "{FCAA2355-D2A8-4B46-ADB3-34C4634A2F4A}"
EndProject
Project("{FAE04EC0-301F-11D3-BF4B-00C04F79EFBC}") = "Harem.Cli", "Cli\Harem.Cli\Harem.Cli.csproj", "{20BF870F-EB0A-4151-872D-A54A268DB41E}"
EndProject
Project("{2150E333-8FDC-42A3-9474-1A3956D46DE8}") = "07-Web", "07-Web", "{F346E361-EB3E-4C6A-A479-94556F386CB9}"
EndProject
Project("{FAE04EC0-301F-11D3-BF4B-00C04F79EFBC}") = "Harem.Web", "Web\Harem.Web\Harem.Web.csproj", "{5186FECA-0637-4AD9-891A-87636B3D0F8A}"
EndProject
Global
	GlobalSection(SolutionConfigurationPlatforms) = preSolution
		Debug|Any CPU = Debug|Any CPU
		Debug|x64 = Debug|x64
		Debug|x86 = Debug|x86
		Release|Any CPU = Release|Any CPU
		Release|x64 = Release|x64
		Release|x86 = Release|x86
	EndGlobalSection
	GlobalSection(ProjectConfigurationPlatforms) = postSolution
		{4BE29444-841A-4F34-A112-3010257733E7}.Debug|Any CPU.ActiveCfg = Debug|Any CPU
		{4BE29444-841A-4F34-A112-3010257733E7}.Debug|Any CPU.Build.0 = Debug|Any CPU
		{4BE29444-841A-4F34-A112-3010257733E7}.Debug|x64.ActiveCfg = Debug|Any CPU
		{4BE29444-841A-4F34-A112-3010257733E7}.Debug|x64.Build.0 = Debug|Any CPU
		{4BE29444-841A-4F34-A112-3010257733E7}.Debug|x86.ActiveCfg = Debug|Any CPU
		{4BE29444-841A-4F34-A112-3010257733E7}.Debug|x86.Build.0 = Debug|Any CPU
		{4BE29444-841A-4F34-A112-3010257733E7}.Release|Any CPU.ActiveCfg = Release|Any CPU
		{4BE29444-841A-4F34-A112-3010257733E7}.Release|Any CPU.Build.0 = Release|Any CPU
		{4BE29444-841A-4F34-A112-3010257733E7}.Release|x64.ActiveCfg = Release|Any CPU
		{4BE29444-841A-4F34-A112-3010257733E7}.Release|x64.Build.0 = Release|Any CPU
		{4BE29444-841A-4F34-A112-3010257733E7}.Release|x86.ActiveCfg = Release|Any CPU
		{4BE29444-841A-4F34-A112-3010257733E7}.Release|x86.Build.0 = Release|Any CPU
		{4135FC00-5172-42CC-AEB3-2A373F36F85C}.Debug|Any CPU.ActiveCfg = Debug|Any CPU
		{4135FC00-5172-42CC-AEB3-2A373F36F85C}.Debug|Any CPU.Build.0 = Debug|Any CPU
		{4135FC00-5172-42CC-AEB3-2A373F36F85C}.Debug|x64.ActiveCfg = Debug|Any CPU
		{4135FC00-5172-42CC-AEB3-2A373F36F85C}.Debug|x64.Build.0 = Debug|Any CPU
		{4135FC00-5172-42CC-AEB3-2A373F36F85C}.Debug|x86.ActiveCfg = Debug|Any CPU
		{4135FC00-5172-42CC-AEB3-2A373F36F85C}.Debug|x86.Build.0 = Debug|Any CPU
		{4135FC00-5172-42CC-AEB3-2A373F36F85C}.Release|Any CPU.ActiveCfg = Release|Any CPU
		{4135FC00-5172-42CC-AEB3-2A373F36F85C}.Release|Any CPU.Build.0 = Release|Any CPU
		{4135FC00-5172-42CC-AEB3-2A373F36F85C}.Release|x64.ActiveCfg = Release|Any CPU
		{4135FC00-5172-42CC-AEB3-2A373F36F85C}.Release|x64.Build.0 = Release|Any CPU
		{4135FC00-5172-42CC-AEB3-2A373F36F85C}.Release|x86.ActiveCfg = Release|Any CPU
		{4135FC00-5172-42CC-AEB3-2A373F36F85C}.Release|x86.Build.0 = Release|Any CPU
		{E4BE81D6-67A0-4D3E-B15C-53804634C302}.Debug|Any CPU.ActiveCfg = Debug|Any CPU
		{E4BE81D6-67A0-4D3E-B15C-53804634C302}.Debug|Any CPU.Build.0 = Debug|Any CPU
		{E4BE81D6-67A0-4D3E-B15C-53804634C302}.Debug|x64.ActiveCfg = Debug|Any CPU
		{E4BE81D6-67A0-4D3E-B15C-53804634C302}.Debug|x64.Build.0 = Debug|Any CPU
		{E4BE81D6-67A0-4D3E-B15C-53804634C302}.Debug|x86.ActiveCfg = Debug|Any CPU
		{E4BE81D6-67A0-4D3E-B15C-53804634C302}.Debug|x86.Build.0 = Debug|Any CPU
		{E4BE81D6-67A0-4D3E-B15C-53804634C302}.Release|Any CPU.ActiveCfg = Release|Any CPU
		{E4BE81D6-67A0-4D3E-B15C-53804634C302}.Release|Any CPU.Build.0 = Release|Any CPU
		{E4BE81D6-67A0-4D3E-B15C-53804634C302}.Release|x64.ActiveCfg = Release|Any CPU
		{E4BE81D6-67A0-4D3E-B15C-53804634C302}.Release|x64.Build.0 = Release|Any CPU
		{E4BE81D6-67A0-4D3E-B15C-53804634C302}.Release|x86.ActiveCfg = Release|Any CPU
		{E4BE81D6-67A0-4D3E-B15C-53804634C302}.Release|x86.Build.0 = Release|Any CPU
		{DB475F36-6E98-45B5-A547-0CD1AEF24BA1}.Debug|Any CPU.ActiveCfg = Debug|Any CPU
		{DB475F36-6E98-45B5-A547-0CD1AEF24BA1}.Debug|Any CPU.Build.0 = Debug|Any CPU
		{DB475F36-6E98-45B5-A547-0CD1AEF24BA1}.Debug|x64.ActiveCfg = Debug|Any CPU
		{DB475F36-6E98-45B5-A547-0CD1AEF24BA1}.Debug|x64.Build.0 = Debug|Any CPU
		{DB475F36-6E98-45B5-A547-0CD1AEF24BA1}.Debug|x86.ActiveCfg = Debug|Any CPU
		{DB475F36-6E98-45B5-A547-0CD1AEF24BA1}.Debug|x86.Build.0 = Debug|Any CPU
		{DB475F36-6E98-45B5-A547-0CD1AEF24BA1}.Release|Any CPU.ActiveCfg = Release|Any CPU
		{DB475F36-6E98-45B5-A547-0CD1AEF24BA1}.Release|Any CPU.Build.0 = Release|Any CPU
		{DB475F36-6E98-45B5-A547-0CD1AEF24BA1}.Release|x64.ActiveCfg = Release|Any CPU
		{DB475F36-6E98-45B5-A547-0CD1AEF24BA1}.Release|x64.Build.0 = Release|Any CPU
		{DB475F36-6E98-45B5-A547-0CD1AEF24BA1}.Release|x86.ActiveCfg = Release|Any CPU
		{DB475F36-6E98-45B5-A547-0CD1AEF24BA1}.Release|x86.Build.0 = Release|Any CPU
		{23B02E93-3CC8-4B4B-973E-08120579E7AD}.Debug|Any CPU.ActiveCfg = Debug|Any CPU
		{23B02E93-3CC8-4B4B-973E-08120579E7AD}.Debug|Any CPU.Build.0 = Debug|Any CPU
		{23B02E93-3CC8-4B4B-973E-08120579E7AD}.Debug|x64.ActiveCfg = Debug|Any CPU
		{23B02E93-3CC8-4B4B-973E-08120579E7AD}.Debug|x64.Build.0 = Debug|Any CPU
		{23B02E93-3CC8-4B4B-973E-08120579E7AD}.Debug|x86.ActiveCfg = Debug|Any CPU
		{23B02E93-3CC8-4B4B-973E-08120579E7AD}.Debug|x86.Build.0 = Debug|Any CPU
		{23B02E93-3CC8-4B4B-973E-08120579E7AD}.Release|Any CPU.ActiveCfg = Release|Any CPU
		{23B02E93-3CC8-4B4B-973E-08120579E7AD}.Release|Any CPU.Build.0 = Release|Any CPU
		{23B02E93-3CC8-4B4B-973E-08120579E7AD}.Release|x64.ActiveCfg = Release|Any CPU
		{23B02E93-3CC8-4B4B-973E-08120579E7AD}.Release|x64.Build.0 = Release|Any CPU
		{23B02E93-3CC8-4B4B-973E-08120579E7AD}.Release|x86.ActiveCfg = Release|Any CPU
		{23B02E93-3CC8-4B4B-973E-08120579E7AD}.Release|x86.Build.0 = Release|Any CPU
		{3D2E0BAD-5BD4-4101-9786-964DF19D5CBF}.Debug|Any CPU.ActiveCfg = Debug|Any CPU
		{3D2E0BAD-5BD4-4101-9786-964DF19D5CBF}.Debug|Any CPU.Build.0 = Debug|Any CPU
		{3D2E0BAD-5BD4-4101-9786-964DF19D5CBF}.Debug|x64.ActiveCfg = Debug|Any CPU
		{3D2E0BAD-5BD4-4101-9786-964DF19D5CBF}.Debug|x64.Build.0 = Debug|Any CPU
		{3D2E0BAD-5BD4-4101-9786-964DF19D5CBF}.Debug|x86.ActiveCfg = Debug|Any CPU
		{3D2E0BAD-5BD4-4101-9786-964DF19D5CBF}.Debug|x86.Build.0 = Debug|Any CPU
		{3D2E0BAD-5BD4-4101-9786-964DF19D5CBF}.Release|Any CPU.ActiveCfg = Release|Any CPU
		{3D2E0BAD-5BD4-4101-9786-964DF19D5CBF}.Release|Any CPU.Build.0 = Release|Any CPU
		{3D2E0BAD-5BD4-4101-9786-964DF19D5CBF}.Release|x64.ActiveCfg = Release|Any CPU
		{3D2E0BAD-5BD4-4101-9786-964DF19D5CBF}.Release|x64.Build.0 = Release|Any CPU
		{3D2E0BAD-5BD4-4101-9786-964DF19D5CBF}.Release|x86.ActiveCfg = Release|Any CPU
		{3D2E0BAD-5BD4-4101-9786-964DF19D5CBF}.Release|x86.Build.0 = Release|Any CPU
		{E3556FB5-00F2-4FA8-A0C9-5CAAA7C49DCB}.Debug|Any CPU.ActiveCfg = Debug|Any CPU
		{E3556FB5-00F2-4FA8-A0C9-5CAAA7C49DCB}.Debug|Any CPU.Build.0 = Debug|Any CPU
		{E3556FB5-00F2-4FA8-A0C9-5CAAA7C49DCB}.Debug|x64.ActiveCfg = Debug|Any CPU
		{E3556FB5-00F2-4FA8-A0C9-5CAAA7C49DCB}.Debug|x64.Build.0 = Debug|Any CPU
		{E3556FB5-00F2-4FA8-A0C9-5CAAA7C49DCB}.Debug|x86.ActiveCfg = Debug|Any CPU
		{E3556FB5-00F2-4FA8-A0C9-5CAAA7C49DCB}.Debug|x86.Build.0 = Debug|Any CPU
		{E3556FB5-00F2-4FA8-A0C9-5CAAA7C49DCB}.Release|Any CPU.ActiveCfg = Release|Any CPU
		{E3556FB5-00F2-4FA8-A0C9-5CAAA7C49DCB}.Release|Any CPU.Build.0 = Release|Any CPU
		{E3556FB5-00F2-4FA8-A0C9-5CAAA7C49DCB}.Release|x64.ActiveCfg = Release|Any CPU
		{E3556FB5-00F2-4FA8-A0C9-5CAAA7C49DCB}.Release|x64.Build.0 = Release|Any CPU
		{E3556FB5-00F2-4FA8-A0C9-5CAAA7C49DCB}.Release|x86.ActiveCfg = Release|Any CPU
		{E3556FB5-00F2-4FA8-A0C9-5CAAA7C49DCB}.Release|x86.Build.0 = Release|Any CPU
		{C1AF23F3-F830-406E-BBD5-7A5AAB5AD843}.Debug|Any CPU.ActiveCfg = Debug|Any CPU
		{C1AF23F3-F830-406E-BBD5-7A5AAB5AD843}.Debug|Any CPU.Build.0 = Debug|Any CPU
		{C1AF23F3-F830-406E-BBD5-7A5AAB5AD843}.Debug|x64.ActiveCfg = Debug|Any CPU
		{C1AF23F3-F830-406E-BBD5-7A5AAB5AD843}.Debug|x64.Build.0 = Debug|Any CPU
		{C1AF23F3-F830-406E-BBD5-7A5AAB5AD843}.Debug|x86.ActiveCfg = Debug|Any CPU
		{C1AF23F3-F830-406E-BBD5-7A5AAB5AD843}.Debug|x86.Build.0 = Debug|Any CPU
		{C1AF23F3-F830-406E-BBD5-7A5AAB5AD843}.Release|Any CPU.ActiveCfg = Release|Any CPU
		{C1AF23F3-F830-406E-BBD5-7A5AAB5AD843}.Release|Any CPU.Build.0 = Release|Any CPU
		{C1AF23F3-F830-406E-BBD5-7A5AAB5AD843}.Release|x64.ActiveCfg = Release|Any CPU
		{C1AF23F3-F830-406E-BBD5-7A5AAB5AD843}.Release|x64.Build.0 = Release|Any CPU
		{C1AF23F3-F830-406E-BBD5-7A5AAB5AD843}.Release|x86.ActiveCfg = Release|Any CPU
		{C1AF23F3-F830-406E-BBD5-7A5AAB5AD843}.Release|x86.Build.0 = Release|Any CPU
		{32A535AA-4417-40BB-8D02-59F4287BBF53}.Debug|Any CPU.ActiveCfg = Debug|Any CPU
		{32A535AA-4417-40BB-8D02-59F4287BBF53}.Debug|Any CPU.Build.0 = Debug|Any CPU
		{32A535AA-4417-40BB-8D02-59F4287BBF53}.Debug|x64.ActiveCfg = Debug|Any CPU
		{32A535AA-4417-40BB-8D02-59F4287BBF53}.Debug|x64.Build.0 = Debug|Any CPU
		{32A535AA-4417-40BB-8D02-59F4287BBF53}.Debug|x86.ActiveCfg = Debug|Any CPU
		{32A535AA-4417-40BB-8D02-59F4287BBF53}.Debug|x86.Build.0 = Debug|Any CPU
		{32A535AA-4417-40BB-8D02-59F4287BBF53}.Release|Any CPU.ActiveCfg = Release|Any CPU
		{32A535AA-4417-40BB-8D02-59F4287BBF53}.Release|Any CPU.Build.0 = Release|Any CPU
		{32A535AA-4417-40BB-8D02-59F4287BBF53}.Release|x64.ActiveCfg = Release|Any CPU
		{32A535AA-4417-40BB-8D02-59F4287BBF53}.Release|x64.Build.0 = Release|Any CPU
		{32A535AA-4417-40BB-8D02-59F4287BBF53}.Release|x86.ActiveCfg = Release|Any CPU
		{32A535AA-4417-40BB-8D02-59F4287BBF53}.Release|x86.Build.0 = Release|Any CPU
		{A3F27476-ACCA-4D14-AC26-F2FDBC744DCA}.Debug|Any CPU.ActiveCfg = Debug|Any CPU
		{A3F27476-ACCA-4D14-AC26-F2FDBC744DCA}.Debug|Any CPU.Build.0 = Debug|Any CPU
		{A3F27476-ACCA-4D14-AC26-F2FDBC744DCA}.Debug|x64.ActiveCfg = Debug|Any CPU
		{A3F27476-ACCA-4D14-AC26-F2FDBC744DCA}.Debug|x64.Build.0 = Debug|Any CPU
		{A3F27476-ACCA-4D14-AC26-F2FDBC744DCA}.Debug|x86.ActiveCfg = Debug|Any CPU
		{A3F27476-ACCA-4D14-AC26-F2FDBC744DCA}.Debug|x86.Build.0 = Debug|Any CPU
		{A3F27476-ACCA-4D14-AC26-F2FDBC744DCA}.Release|Any CPU.ActiveCfg = Release|Any CPU
		{A3F27476-ACCA-4D14-AC26-F2FDBC744DCA}.Release|Any CPU.Build.0 = Release|Any CPU
		{A3F27476-ACCA-4D14-AC26-F2FDBC744DCA}.Release|x64.ActiveCfg = Release|Any CPU
		{A3F27476-ACCA-4D14-AC26-F2FDBC744DCA}.Release|x64.Build.0 = Release|Any CPU
		{A3F27476-ACCA-4D14-AC26-F2FDBC744DCA}.Release|x86.ActiveCfg = Release|Any CPU
		{A3F27476-ACCA-4D14-AC26-F2FDBC744DCA}.Release|x86.Build.0 = Release|Any CPU
		{623E7297-6762-4868-9CD7-E5021607A1F6}.Debug|Any CPU.ActiveCfg = Debug|Any CPU
		{623E7297-6762-4868-9CD7-E5021607A1F6}.Debug|Any CPU.Build.0 = Debug|Any CPU
		{623E7297-6762-4868-9CD7-E5021607A1F6}.Debug|x64.ActiveCfg = Debug|Any CPU
		{623E7297-6762-4868-9CD7-E5021607A1F6}.Debug|x64.Build.0 = Debug|Any CPU
		{623E7297-6762-4868-9CD7-E5021607A1F6}.Debug|x86.ActiveCfg = Debug|Any CPU
		{623E7297-6762-4868-9CD7-E5021607A1F6}.Debug|x86.Build.0 = Debug|Any CPU
		{623E7297-6762-4868-9CD7-E5021607A1F6}.Release|Any CPU.ActiveCfg = Release|Any CPU
		{623E7297-6762-4868-9CD7-E5021607A1F6}.Release|Any CPU.Build.0 = Release|Any CPU
		{623E7297-6762-4868-9CD7-E5021607A1F6}.Release|x64.ActiveCfg = Release|Any CPU
		{623E7297-6762-4868-9CD7-E5021607A1F6}.Release|x64.Build.0 = Release|Any CPU
		{623E7297-6762-4868-9CD7-E5021607A1F6}.Release|x86.ActiveCfg = Release|Any CPU
		{623E7297-6762-4868-9CD7-E5021607A1F6}.Release|x86.Build.0 = Release|Any CPU
		{90D2634E-5332-4706-95FC-F8787F71BF79}.Debug|Any CPU.ActiveCfg = Debug|Any CPU
		{90D2634E-5332-4706-95FC-F8787F71BF79}.Debug|Any CPU.Build.0 = Debug|Any CPU
		{90D2634E-5332-4706-95FC-F8787F71BF79}.Debug|x64.ActiveCfg = Debug|Any CPU
		{90D2634E-5332-4706-95FC-F8787F71BF79}.Debug|x64.Build.0 = Debug|Any CPU
		{90D2634E-5332-4706-95FC-F8787F71BF79}.Debug|x86.ActiveCfg = Debug|Any CPU
		{90D2634E-5332-4706-95FC-F8787F71BF79}.Debug|x86.Build.0 = Debug|Any CPU
		{90D2634E-5332-4706-95FC-F8787F71BF79}.Release|Any CPU.ActiveCfg = Release|Any CPU
		{90D2634E-5332-4706-95FC-F8787F71BF79}.Release|Any CPU.Build.0 = Release|Any CPU
		{90D2634E-5332-4706-95FC-F8787F71BF79}.Release|x64.ActiveCfg = Release|Any CPU
		{90D2634E-5332-4706-95FC-F8787F71BF79}.Release|x64.Build.0 = Release|Any CPU
		{90D2634E-5332-4706-95FC-F8787F71BF79}.Release|x86.ActiveCfg = Release|Any CPU
		{90D2634E-5332-4706-95FC-F8787F71BF79}.Release|x86.Build.0 = Release|Any CPU
		{8CBB2B8F-CFFE-4546-A9EA-E6C9261C2ED8}.Debug|Any CPU.ActiveCfg = Debug|Any CPU
		{8CBB2B8F-CFFE-4546-A9EA-E6C9261C2ED8}.Debug|Any CPU.Build.0 = Debug|Any CPU
		{8CBB2B8F-CFFE-4546-A9EA-E6C9261C2ED8}.Debug|x64.ActiveCfg = Debug|Any CPU
		{8CBB2B8F-CFFE-4546-A9EA-E6C9261C2ED8}.Debug|x64.Build.0 = Debug|Any CPU
		{8CBB2B8F-CFFE-4546-A9EA-E6C9261C2ED8}.Debug|x86.ActiveCfg = Debug|Any CPU
		{8CBB2B8F-CFFE-4546-A9EA-E6C9261C2ED8}.Debug|x86.Build.0 = Debug|Any CPU
		{8CBB2B8F-CFFE-4546-A9EA-E6C9261C2ED8}.Release|Any CPU.ActiveCfg = Release|Any CPU
		{8CBB2B8F-CFFE-4546-A9EA-E6C9261C2ED8}.Release|Any CPU.Build.0 = Release|Any CPU
		{8CBB2B8F-CFFE-4546-A9EA-E6C9261C2ED8}.Release|x64.ActiveCfg = Release|Any CPU
		{8CBB2B8F-CFFE-4546-A9EA-E6C9261C2ED8}.Release|x64.Build.0 = Release|Any CPU
		{8CBB2B8F-CFFE-4546-A9EA-E6C9261C2ED8}.Release|x86.ActiveCfg = Release|Any CPU
		{8CBB2B8F-CFFE-4546-A9EA-E6C9261C2ED8}.Release|x86.Build.0 = Release|Any CPU
		{E43F03E2-26C1-46F6-9088-931DD26439BC}.Debug|Any CPU.ActiveCfg = Debug|Any CPU
		{E43F03E2-26C1-46F6-9088-931DD26439BC}.Debug|Any CPU.Build.0 = Debug|Any CPU
		{E43F03E2-26C1-46F6-9088-931DD26439BC}.Debug|x64.ActiveCfg = Debug|Any CPU
		{E43F03E2-26C1-46F6-9088-931DD26439BC}.Debug|x64.Build.0 = Debug|Any CPU
		{E43F03E2-26C1-46F6-9088-931DD26439BC}.Debug|x86.ActiveCfg = Debug|Any CPU
		{E43F03E2-26C1-46F6-9088-931DD26439BC}.Debug|x86.Build.0 = Debug|Any CPU
		{E43F03E2-26C1-46F6-9088-931DD26439BC}.Release|Any CPU.ActiveCfg = Release|Any CPU
		{E43F03E2-26C1-46F6-9088-931DD26439BC}.Release|Any CPU.Build.0 = Release|Any CPU
		{E43F03E2-26C1-46F6-9088-931DD26439BC}.Release|x64.ActiveCfg = Release|Any CPU
		{E43F03E2-26C1-46F6-9088-931DD26439BC}.Release|x64.Build.0 = Release|Any CPU
		{E43F03E2-26C1-46F6-9088-931DD26439BC}.Release|x86.ActiveCfg = Release|Any CPU
		{E43F03E2-26C1-46F6-9088-931DD26439BC}.Release|x86.Build.0 = Release|Any CPU
		{E1366DBA-E462-425D-A0D4-7552E7557390}.Debug|Any CPU.ActiveCfg = Debug|Any CPU
		{E1366DBA-E462-425D-A0D4-7552E7557390}.Debug|Any CPU.Build.0 = Debug|Any CPU
		{E1366DBA-E462-425D-A0D4-7552E7557390}.Debug|x64.ActiveCfg = Debug|Any CPU
		{E1366DBA-E462-425D-A0D4-7552E7557390}.Debug|x64.Build.0 = Debug|Any CPU
		{E1366DBA-E462-425D-A0D4-7552E7557390}.Debug|x86.ActiveCfg = Debug|Any CPU
		{E1366DBA-E462-425D-A0D4-7552E7557390}.Debug|x86.Build.0 = Debug|Any CPU
		{E1366DBA-E462-425D-A0D4-7552E7557390}.Release|Any CPU.ActiveCfg = Release|Any CPU
		{E1366DBA-E462-425D-A0D4-7552E7557390}.Release|Any CPU.Build.0 = Release|Any CPU
		{E1366DBA-E462-425D-A0D4-7552E7557390}.Release|x64.ActiveCfg = Release|Any CPU
		{E1366DBA-E462-425D-A0D4-7552E7557390}.Release|x64.Build.0 = Release|Any CPU
		{E1366DBA-E462-425D-A0D4-7552E7557390}.Release|x86.ActiveCfg = Release|Any CPU
		{E1366DBA-E462-425D-A0D4-7552E7557390}.Release|x86.Build.0 = Release|Any CPU
		{C1ADE191-C925-4793-94CC-5B04BE561A69}.Debug|Any CPU.ActiveCfg = Debug|Any CPU
		{C1ADE191-C925-4793-94CC-5B04BE561A69}.Debug|Any CPU.Build.0 = Debug|Any CPU
		{C1ADE191-C925-4793-94CC-5B04BE561A69}.Debug|x64.ActiveCfg = Debug|Any CPU
		{C1ADE191-C925-4793-94CC-5B04BE561A69}.Debug|x64.Build.0 = Debug|Any CPU
		{C1ADE191-C925-4793-94CC-5B04BE561A69}.Debug|x86.ActiveCfg = Debug|Any CPU
		{C1ADE191-C925-4793-94CC-5B04BE561A69}.Debug|x86.Build.0 = Debug|Any CPU
		{C1ADE191-C925-4793-94CC-5B04BE561A69}.Release|Any CPU.ActiveCfg = Release|Any CPU
		{C1ADE191-C925-4793-94CC-5B04BE561A69}.Release|Any CPU.Build.0 = Release|Any CPU
		{C1ADE191-C925-4793-94CC-5B04BE561A69}.Release|x64.ActiveCfg = Release|Any CPU
		{C1ADE191-C925-4793-94CC-5B04BE561A69}.Release|x64.Build.0 = Release|Any CPU
		{C1ADE191-C925-4793-94CC-5B04BE561A69}.Release|x86.ActiveCfg = Release|Any CPU
		{C1ADE191-C925-4793-94CC-5B04BE561A69}.Release|x86.Build.0 = Release|Any CPU
		{4B73F697-00FA-46A4-98D5-6F2DFB9BF73C}.Debug|Any CPU.ActiveCfg = Debug|Any CPU
		{4B73F697-00FA-46A4-98D5-6F2DFB9BF73C}.Debug|Any CPU.Build.0 = Debug|Any CPU
		{4B73F697-00FA-46A4-98D5-6F2DFB9BF73C}.Debug|x64.ActiveCfg = Debug|Any CPU
		{4B73F697-00FA-46A4-98D5-6F2DFB9BF73C}.Debug|x64.Build.0 = Debug|Any CPU
		{4B73F697-00FA-46A4-98D5-6F2DFB9BF73C}.Debug|x86.ActiveCfg = Debug|Any CPU
		{4B73F697-00FA-46A4-98D5-6F2DFB9BF73C}.Debug|x86.Build.0 = Debug|Any CPU
		{4B73F697-00FA-46A4-98D5-6F2DFB9BF73C}.Release|Any CPU.ActiveCfg = Release|Any CPU
		{4B73F697-00FA-46A4-98D5-6F2DFB9BF73C}.Release|Any CPU.Build.0 = Release|Any CPU
		{4B73F697-00FA-46A4-98D5-6F2DFB9BF73C}.Release|x64.ActiveCfg = Release|Any CPU
		{4B73F697-00FA-46A4-98D5-6F2DFB9BF73C}.Release|x64.Build.0 = Release|Any CPU
		{4B73F697-00FA-46A4-98D5-6F2DFB9BF73C}.Release|x86.ActiveCfg = Release|Any CPU
		{4B73F697-00FA-46A4-98D5-6F2DFB9BF73C}.Release|x86.Build.0 = Release|Any CPU
		{9D2A0C2F-5769-4353-816E-A8D9E291981D}.Debug|Any CPU.ActiveCfg = Debug|Any CPU
		{9D2A0C2F-5769-4353-816E-A8D9E291981D}.Debug|Any CPU.Build.0 = Debug|Any CPU
		{9D2A0C2F-5769-4353-816E-A8D9E291981D}.Debug|x64.ActiveCfg = Debug|Any CPU
		{9D2A0C2F-5769-4353-816E-A8D9E291981D}.Debug|x64.Build.0 = Debug|Any CPU
		{9D2A0C2F-5769-4353-816E-A8D9E291981D}.Debug|x86.ActiveCfg = Debug|Any CPU
		{9D2A0C2F-5769-4353-816E-A8D9E291981D}.Debug|x86.Build.0 = Debug|Any CPU
		{9D2A0C2F-5769-4353-816E-A8D9E291981D}.Release|Any CPU.ActiveCfg = Release|Any CPU
		{9D2A0C2F-5769-4353-816E-A8D9E291981D}.Release|Any CPU.Build.0 = Release|Any CPU
		{9D2A0C2F-5769-4353-816E-A8D9E291981D}.Release|x64.ActiveCfg = Release|Any CPU
		{9D2A0C2F-5769-4353-816E-A8D9E291981D}.Release|x64.Build.0 = Release|Any CPU
		{9D2A0C2F-5769-4353-816E-A8D9E291981D}.Release|x86.ActiveCfg = Release|Any CPU
		{9D2A0C2F-5769-4353-816E-A8D9E291981D}.Release|x86.Build.0 = Release|Any CPU
		{3323BD78-122D-49D4-B4C5-EFD75B2711B7}.Debug|Any CPU.ActiveCfg = Debug|Any CPU
		{3323BD78-122D-49D4-B4C5-EFD75B2711B7}.Debug|Any CPU.Build.0 = Debug|Any CPU
		{3323BD78-122D-49D4-B4C5-EFD75B2711B7}.Debug|x64.ActiveCfg = Debug|Any CPU
		{3323BD78-122D-49D4-B4C5-EFD75B2711B7}.Debug|x64.Build.0 = Debug|Any CPU
		{3323BD78-122D-49D4-B4C5-EFD75B2711B7}.Debug|x86.ActiveCfg = Debug|Any CPU
		{3323BD78-122D-49D4-B4C5-EFD75B2711B7}.Debug|x86.Build.0 = Debug|Any CPU
		{3323BD78-122D-49D4-B4C5-EFD75B2711B7}.Release|Any CPU.ActiveCfg = Release|Any CPU
		{3323BD78-122D-49D4-B4C5-EFD75B2711B7}.Release|Any CPU.Build.0 = Release|Any CPU
		{3323BD78-122D-49D4-B4C5-EFD75B2711B7}.Release|x64.ActiveCfg = Release|Any CPU
		{3323BD78-122D-49D4-B4C5-EFD75B2711B7}.Release|x64.Build.0 = Release|Any CPU
		{3323BD78-122D-49D4-B4C5-EFD75B2711B7}.Release|x86.ActiveCfg = Release|Any CPU
		{3323BD78-122D-49D4-B4C5-EFD75B2711B7}.Release|x86.Build.0 = Release|Any CPU
		{20BF870F-EB0A-4151-872D-A54A268DB41E}.Debug|Any CPU.ActiveCfg = Debug|Any CPU
		{20BF870F-EB0A-4151-872D-A54A268DB41E}.Debug|Any CPU.Build.0 = Debug|Any CPU
		{20BF870F-EB0A-4151-872D-A54A268DB41E}.Debug|x64.ActiveCfg = Debug|Any CPU
		{20BF870F-EB0A-4151-872D-A54A268DB41E}.Debug|x64.Build.0 = Debug|Any CPU
		{20BF870F-EB0A-4151-872D-A54A268DB41E}.Debug|x86.ActiveCfg = Debug|Any CPU
		{20BF870F-EB0A-4151-872D-A54A268DB41E}.Debug|x86.Build.0 = Debug|Any CPU
		{20BF870F-EB0A-4151-872D-A54A268DB41E}.Release|Any CPU.ActiveCfg = Release|Any CPU
		{20BF870F-EB0A-4151-872D-A54A268DB41E}.Release|Any CPU.Build.0 = Release|Any CPU
		{20BF870F-EB0A-4151-872D-A54A268DB41E}.Release|x64.ActiveCfg = Release|Any CPU
		{20BF870F-EB0A-4151-872D-A54A268DB41E}.Release|x64.Build.0 = Release|Any CPU
		{20BF870F-EB0A-4151-872D-A54A268DB41E}.Release|x86.ActiveCfg = Release|Any CPU
		{20BF870F-EB0A-4151-872D-A54A268DB41E}.Release|x86.Build.0 = Release|Any CPU
		{5186FECA-0637-4AD9-891A-87636B3D0F8A}.Debug|Any CPU.ActiveCfg = Debug|Any CPU
		{5186FECA-0637-4AD9-891A-87636B3D0F8A}.Debug|Any CPU.Build.0 = Debug|Any CPU
		{5186FECA-0637-4AD9-891A-87636B3D0F8A}.Debug|x64.ActiveCfg = Debug|Any CPU
		{5186FECA-0637-4AD9-891A-87636B3D0F8A}.Debug|x64.Build.0 = Debug|Any CPU
		{5186FECA-0637-4AD9-891A-87636B3D0F8A}.Debug|x86.ActiveCfg = Debug|Any CPU
		{5186FECA-0637-4AD9-891A-87636B3D0F8A}.Debug|x86.Build.0 = Debug|Any CPU
		{5186FECA-0637-4AD9-891A-87636B3D0F8A}.Release|Any CPU.ActiveCfg = Release|Any CPU
		{5186FECA-0637-4AD9-891A-87636B3D0F8A}.Release|Any CPU.Build.0 = Release|Any CPU
		{5186FECA-0637-4AD9-891A-87636B3D0F8A}.Release|x64.ActiveCfg = Release|Any CPU
		{5186FECA-0637-4AD9-891A-87636B3D0F8A}.Release|x64.Build.0 = Release|Any CPU
		{5186FECA-0637-4AD9-891A-87636B3D0F8A}.Release|x86.ActiveCfg = Release|Any CPU
		{5186FECA-0637-4AD9-891A-87636B3D0F8A}.Release|x86.Build.0 = Release|Any CPU
	EndGlobalSection
	GlobalSection(SolutionProperties) = preSolution
		HideSolutionNode = FALSE
	EndGlobalSection
	GlobalSection(NestedProjects) = preSolution
		{4BE29444-841A-4F34-A112-3010257733E7} = {680364A3-2B08-4381-88FE-176EB6F07ADF}
		{4135FC00-5172-42CC-AEB3-2A373F36F85C} = {680364A3-2B08-4381-88FE-176EB6F07ADF}
		{E4BE81D6-67A0-4D3E-B15C-53804634C302} = {0C1B59FC-9646-4BAD-9A6B-B90269F0CDFC}
		{DB475F36-6E98-45B5-A547-0CD1AEF24BA1} = {D0F204BA-0938-4811-99B7-BF939887B346}
		{23B02E93-3CC8-4B4B-973E-08120579E7AD} = {0C1B59FC-9646-4BAD-9A6B-B90269F0CDFC}
		{3D2E0BAD-5BD4-4101-9786-964DF19D5CBF} = {2DE13281-1F88-4B97-A386-AA462585CC87}
		{E3556FB5-00F2-4FA8-A0C9-5CAAA7C49DCB} = {4E0741B3-7BBD-4923-B414-FE707E5081D8}
		{C1AF23F3-F830-406E-BBD5-7A5AAB5AD843} = {4E0741B3-7BBD-4923-B414-FE707E5081D8}
		{32A535AA-4417-40BB-8D02-59F4287BBF53} = {D0F204BA-0938-4811-99B7-BF939887B346}
		{A3F27476-ACCA-4D14-AC26-F2FDBC744DCA} = {D0F204BA-0938-4811-99B7-BF939887B346}
		{623E7297-6762-4868-9CD7-E5021607A1F6} = {2DE13281-1F88-4B97-A386-AA462585CC87}
		{90D2634E-5332-4706-95FC-F8787F71BF79} = {680364A3-2B08-4381-88FE-176EB6F07ADF}
		{8CBB2B8F-CFFE-4546-A9EA-E6C9261C2ED8} = {2DE13281-1F88-4B97-A386-AA462585CC87}
		{E43F03E2-26C1-46F6-9088-931DD26439BC} = {2DE13281-1F88-4B97-A386-AA462585CC87}
		{E1366DBA-E462-425D-A0D4-7552E7557390} = {59E03717-4A58-4E06-A8B9-0EB45CEAE6C6}
		{C1ADE191-C925-4793-94CC-5B04BE561A69} = {2DE13281-1F88-4B97-A386-AA462585CC87}
		{4B73F697-00FA-46A4-98D5-6F2DFB9BF73C} = {8547EDDD-73E9-4F69-A827-6533BB52E6F2}
		{9D2A0C2F-5769-4353-816E-A8D9E291981D} = {2DE13281-1F88-4B97-A386-AA462585CC87}
		{3323BD78-122D-49D4-B4C5-EFD75B2711B7} = {0C1B59FC-9646-4BAD-9A6B-B90269F0CDFC}
		{20BF870F-EB0A-4151-872D-A54A268DB41E} = {FCAA2355-D2A8-4B46-ADB3-34C4634A2F4A}
		{5186FECA-0637-4AD9-891A-87636B3D0F8A} = {F346E361-EB3E-4C6A-A479-94556F386CB9}
	EndGlobalSection
EndGlobal
